<?xml version="1.0" encoding="utf-8"?>
<Project ToolsVersion="4.0" xmlns="http://schemas.microsoft.com/developer/msbuild/2003">
  <ItemGroup>
    <Filter Include="Source Files">
      <UniqueIdentifier>{4FC737F1-C7A5-4376-A066-2A32D752A2FF}</UniqueIdentifier>
      <Extensions>cpp;c;cc;cxx;c++;cppm;ixx;def;odl;idl;hpj;bat;asm;asmx</Extensions>
    </Filter>
    <Filter Include="Header Files">
      <UniqueIdentifier>{93995380-89BD-4b04-88EB-625FBE52EBFB}</UniqueIdentifier>
      <Extensions>h;hh;hpp;hxx;h++;hm;inl;inc;ipp;xsd</Extensions>
    </Filter>
    <Filter Include="Resource Files">
      <UniqueIdentifier>{67DA6AB6-F800-4c08-8B7A-83BB121AAD01}</UniqueIdentifier>
      <Extensions>rc;ico;cur;bmp;dlg;rc2;rct;bin;rgs;gif;jpg;jpeg;jpe;resx;tiff;tif;png;wav;mfcribbon-ms</Extensions>
    </Filter>
    <Filter Include="Source Files\TestDriver">
      <UniqueIdentifier>{99a856df-a1c7-4a01-ad96-510298931d83}</UniqueIdentifier>
    </Filter>
    <Filter Include="Header Files\TestController">
      <UniqueIdentifier>{2cf50793-0e74-4547-b685-2b6cc053bc96}</UniqueIdentifier>
    </Filter>
    <Filter Include="Source Files\TestController">
      <UniqueIdentifier>{f5c73876-0c33-4a30-aad6-c7855a828541}</UniqueIdentifier>
    </Filter>
    <Filter Include="Header Files\TestUtilities">
      <UniqueIdentifier>{372f349c-b261-44e0-a85d-6519f499bcd2}</UniqueIdentifier>
    </Filter>
    <Filter Include="Source Files\TestUtilities">
      <UniqueIdentifier>{ada932fa-e127-498d-b10c-3c8a48185489}</UniqueIdentifier>
    </Filter>
    <Filter Include="Header Files\TestMessenger">
      <UniqueIdentifier>{ff4bf812-7e24-4a63-9f50-c7fd595521d2}</UniqueIdentifier>
    </Filter>
    <Filter Include="Source Files\TestMessenger">
      <UniqueIdentifier>{64277d33-b7e3-411d-a454-53b57aabb57d}</UniqueIdentifier>
    </Filter>
    <Filter Include="Header Files\TestDriver">
      <UniqueIdentifier>{c1e5e67e-5259-4139-843c-ece2399b8dc7}</UniqueIdentifier>
    </Filter>
    <Filter Include="Header Files\TestClientInterface">
      <UniqueIdentifier>{b50eb37c-03bd-41f7-af75-a70ea064f02e}</UniqueIdentifier>
    </Filter>
    <Filter Include="Source Files\TestClientInterface">
      <UniqueIdentifier>{fcd6a3fb-8a0f-40b5-b3d9-7d6fa5468726}</UniqueIdentifier>
    </Filter>
  </ItemGroup>
  <ItemGroup>
    <ClCompile Include="BasicCalculator.cpp">
      <Filter>Source Files\TestDriver</Filter>
    </ClCompile>
    <ClCompile Include="ContainerConversions.cpp">
      <Filter>Source Files\TestDriver</Filter>
    </ClCompile>
    <ClCompile Include="MemoryAllocator.cpp">
      <Filter>Source Files\TestDriver</Filter>
    </ClCompile>
    <ClCompile Include="Executor.cpp">
      <Filter>Source Files\TestDriver</Filter>
    </ClCompile>
    <ClCompile Include="AdvCalculator.cpp">
      <Filter>Source Files\TestDriver</Filter>
    </ClCompile>
    <ClCompile Include="TestHarness.cpp">
      <Filter>Source Files\TestController</Filter>
    </ClCompile>
    <ClCompile Include="TestResultCounter.cpp">
      <Filter>Source Files\TestController</Filter>
    </ClCompile>
    <ClCompile Include="TestLogger.cpp">
      <Filter>Source Files\TestUtilities</Filter>
    </ClCompile>
    <ClCompile Include="TestTimer.cpp">
      <Filter>Source Files\TestUtilities</Filter>
    </ClCompile>
    <ClCompile Include="TestBlockingQueue.cpp">
      <Filter>Source Files\TestMessenger</Filter>
    </ClCompile>
    <ClCompile Include="TestMessageHandler.cpp">
      <Filter>Source Files\TestMessenger</Filter>
    </ClCompile>
    <ClCompile Include="TestMessage.cpp">
      <Filter>Source Files\TestMessenger</Filter>
    </ClCompile>
    <ClCompile Include="TestMessageParser.cpp">
      <Filter>Source Files\TestMessenger</Filter>
    </ClCompile>
    <ClCompile Include="Utilities.cpp">
      <Filter>Source Files\TestClientInterface</Filter>
    </ClCompile>
    <ClCompile Include="StaticLogger.cpp">
      <Filter>Source Files\TestClientInterface</Filter>
    </ClCompile>
    <ClCompile Include="Sockets.cpp">
      <Filter>Source Files\TestClientInterface</Filter>
    </ClCompile>
    <ClCompile Include="MainServer.cpp">
      <Filter>Source Files\TestClientInterface</Filter>
    </ClCompile>
    <ClCompile Include="TestRunner.cpp">
      <Filter>Source Files\TestController</Filter>
    </ClCompile>
    <ClCompile Include="TestResultFormatter.cpp">
      <Filter>Source Files\TestUtilities</Filter>
    </ClCompile>
  </ItemGroup>
  <ItemGroup>
    <ClInclude Include="TestHarness.h">
      <Filter>Header Files\TestController</Filter>
    </ClInclude>
    <ClInclude Include="TestResultCounter.h">
      <Filter>Header Files\TestController</Filter>
    </ClInclude>
    <ClInclude Include="TestLogger.h">
      <Filter>Header Files\TestUtilities</Filter>
    </ClInclude>
    <ClInclude Include="TestTimer.h">
      <Filter>Header Files\TestUtilities</Filter>
    </ClInclude>
    <ClInclude Include="TestMessage.h">
      <Filter>Header Files\TestMessenger</Filter>
    </ClInclude>
    <ClInclude Include="TestBlockingQueue.h">
      <Filter>Header Files\TestMessenger</Filter>
    </ClInclude>
    <ClInclude Include="TestMessageHandler.h">
      <Filter>Header Files\TestMessenger</Filter>
    </ClInclude>
    <ClInclude Include="TestMessageParser.h">
      <Filter>Header Files\TestMessenger</Filter>
    </ClInclude>
    <ClInclude Include="AdvCalculator.h">
      <Filter>Header Files\TestDriver</Filter>
    </ClInclude>
    <ClInclude Include="AdvCalculatorTestDriverPass.h">
      <Filter>Header Files\TestDriver</Filter>
    </ClInclude>
    <ClInclude Include="BasicCalculator.h">
      <Filter>Header Files\TestDriver</Filter>
    </ClInclude>
    <ClInclude Include="BasicCalculatorTestDriverException.h">
      <Filter>Header Files\TestDriver</Filter>
    </ClInclude>
    <ClInclude Include="BasicCalculatorTestDriverFail.h">
      <Filter>Header Files\TestDriver</Filter>
    </ClInclude>
    <ClInclude Include="BasicCalculatorTestDriverPass.h">
      <Filter>Header Files\TestDriver</Filter>
    </ClInclude>
    <ClInclude Include="ContainerConversions.h">
      <Filter>Header Files\TestDriver</Filter>
    </ClInclude>
    <ClInclude Include="ContainerConversionsTestDriverException.h">
      <Filter>Header Files\TestDriver</Filter>
    </ClInclude>
    <ClInclude Include="ContainerConversionsTestDriverFail.h">
      <Filter>Header Files\TestDriver</Filter>
    </ClInclude>
    <ClInclude Include="LengthErrorTestDriverException.h">
      <Filter>Header Files\TestDriver</Filter>
    </ClInclude>
    <ClInclude Include="MemoryAllocator.h">
      <Filter>Header Files\TestDriver</Filter>
    </ClInclude>
    <ClInclude Include="MemoryAllocatorTestDriverException1.h">
      <Filter>Header Files\TestDriver</Filter>
    </ClInclude>
    <ClInclude Include="MemoryAllocatorTestDriverException2.h">
      <Filter>Header Files\TestDriver</Filter>
    </ClInclude>
    <ClInclude Include="OverflowErrorTestDriverException.h">
      <Filter>Header Files\TestDriver</Filter>
    </ClInclude>
    <ClInclude Include="Sockets.h">
      <Filter>Header Files\TestClientInterface</Filter>
    </ClInclude>
    <ClInclude Include="StaticLogger.h">
      <Filter>Header Files\TestClientInterface</Filter>
    </ClInclude>
    <ClInclude Include="Utilities.h">
      <Filter>Header Files\TestClientInterface</Filter>
    </ClInclude>
    <ClInclude Include="TestRunner.h">
      <Filter>Header Files\TestController</Filter>
    </ClInclude>
    <ClInclude Include="ITest.h">
      <Filter>Header Files\TestDriver</Filter>
    </ClInclude>
    <ClInclude Include="TestItem.h">
      <Filter>Header Files\TestUtilities</Filter>
    </ClInclude>
    <ClInclude Include="TestMessageParser.h">
      <Filter>Header Files\TestUtilities</Filter>
    </ClInclude>
    <ClInclude Include="TestResultFormatter.h">
      <Filter>Header Files\TestUtilities</Filter>
    </ClInclude>
  </ItemGroup>
</Project>