<?xml version="1.0" encoding="utf-8"?>
<Project ToolsVersion="4.0" xmlns="http://schemas.microsoft.com/developer/msbuild/2003">
  <ItemGroup>
    <Filter Include="Source Files">
      <UniqueIdentifier>{4FC737F1-C7A5-4376-A066-2A32D752A2FF}</UniqueIdentifier>
      <Extensions>cpp;c;cc;cxx;c++;cppm;ixx;def;odl;idl;hpj;bat;asm;asmx</Extensions>
    </Filter>
    <Filter Include="Header Files">
      <UniqueIdentifier>{93995380-89BD-4b04-88EB-625FBE52EBFB}</UniqueIdentifier>
      <Extensions>h;hh;hpp;hxx;h++;hm;inl;inc;ipp;xsd</Extensions>
    </Filter>
    <Filter Include="Resource Files">
      <UniqueIdentifier>{67DA6AB6-F800-4c08-8B7A-83BB121AAD01}</UniqueIdentifier>
      <Extensions>rc;ico;cur;bmp;dlg;rc2;rct;bin;rgs;gif;jpg;jpeg;jpe;resx;tiff;tif;png;wav;mfcribbon-ms</Extensions>
    </Filter>
    <Filter Include="Header Files\TestController">
      <UniqueIdentifier>{2cf50793-0e74-4547-b685-2b6cc053bc96}</UniqueIdentifier>
    </Filter>
    <Filter Include="Source Files\TestController">
      <UniqueIdentifier>{f5c73876-0c33-4a30-aad6-c7855a828541}</UniqueIdentifier>
    </Filter>
    <Filter Include="Header Files\TestUtilities">
      <UniqueIdentifier>{372f349c-b261-44e0-a85d-6519f499bcd2}</UniqueIdentifier>
    </Filter>
    <Filter Include="Source Files\TestUtilities">
      <UniqueIdentifier>{ada932fa-e127-498d-b10c-3c8a48185489}</UniqueIdentifier>
    </Filter>
    <Filter Include="Header Files\TestMessenger">
      <UniqueIdentifier>{ff4bf812-7e24-4a63-9f50-c7fd595521d2}</UniqueIdentifier>
    </Filter>
    <Filter Include="Source Files\TestMessenger">
      <UniqueIdentifier>{64277d33-b7e3-411d-a454-53b57aabb57d}</UniqueIdentifier>
    </Filter>
    <Filter Include="Header Files\TestCommunicationInterface">
      <UniqueIdentifier>{b50eb37c-03bd-41f7-af75-a70ea064f02e}</UniqueIdentifier>
    </Filter>
    <Filter Include="Source Files\TestCommunicationInterface">
      <UniqueIdentifier>{fcd6a3fb-8a0f-40b5-b3d9-7d6fa5468726}</UniqueIdentifier>
    </Filter>
  </ItemGroup>
  <ItemGroup>
    <ClCompile Include="TestHarness.cpp">
      <Filter>Source Files\TestController</Filter>
    </ClCompile>
    <ClCompile Include="Timer.cpp">
      <Filter>Source Files\TestUtilities</Filter>
    </ClCompile>
    <ClCompile Include="MessageHandler.cpp">
      <Filter>Source Files\TestMessenger</Filter>
    </ClCompile>
    <ClCompile Include="Message.cpp">
      <Filter>Source Files\TestMessenger</Filter>
    </ClCompile>
    <ClCompile Include="Sockets.cpp">
      <Filter>Source Files\TestCommunicationInterface</Filter>
    </ClCompile>
    <ClCompile Include="Server.cpp">
      <Filter>Source Files\TestCommunicationInterface</Filter>
    </ClCompile>
    <ClCompile Include="TestRunner.cpp">
      <Filter>Source Files\TestController</Filter>
    </ClCompile>
    <ClCompile Include="ResultFormatter.cpp">
      <Filter>Source Files\TestUtilities</Filter>
    </ClCompile>
    <ClCompile Include="DllLoader.cpp">
      <Filter>Source Files\TestController</Filter>
    </ClCompile>
    <ClCompile Include="StaticLogger.cpp">
      <Filter>Source Files\TestUtilities</Filter>
    </ClCompile>
    <ClCompile Include="BlockingQueue.cpp">
      <Filter>Source Files\TestUtilities</Filter>
    </ClCompile>
  </ItemGroup>
  <ItemGroup>
    <ClInclude Include="TestHarness.h">
      <Filter>Header Files\TestController</Filter>
    </ClInclude>
    <ClInclude Include="Timer.h">
      <Filter>Header Files\TestUtilities</Filter>
    </ClInclude>
    <ClInclude Include="Message.h">
      <Filter>Header Files\TestMessenger</Filter>
    </ClInclude>
    <ClInclude Include="MessageHandler.h">
      <Filter>Header Files\TestMessenger</Filter>
    </ClInclude>
    <ClInclude Include="Sockets.h">
      <Filter>Header Files\TestCommunicationInterface</Filter>
    </ClInclude>
    <ClInclude Include="TestRunner.h">
      <Filter>Header Files\TestController</Filter>
    </ClInclude>
    <ClInclude Include="ResultFormatter.h">
      <Filter>Header Files\TestUtilities</Filter>
    </ClInclude>
    <ClInclude Include="DllLoader.h">
      <Filter>Header Files\TestController</Filter>
    </ClInclude>
    <ClInclude Include="StaticLogger.h">
      <Filter>Header Files\TestUtilities</Filter>
    </ClInclude>
    <ClInclude Include="Server.h">
      <Filter>Header Files\TestCommunicationInterface</Filter>
    </ClInclude>
    <ClInclude Include="BlockingQueue.h">
      <Filter>Header Files\TestUtilities</Filter>
    </ClInclude>
  </ItemGroup>
</Project>