<?xml version="1.0" encoding="utf-8"?>
<Project ToolsVersion="4.0" xmlns="http://schemas.microsoft.com/developer/msbuild/2003">
  <ItemGroup>
    <Filter Include="Source Files">
      <UniqueIdentifier>{4FC737F1-C7A5-4376-A066-2A32D752A2FF}</UniqueIdentifier>
      <Extensions>cpp;c;cc;cxx;c++;cppm;ixx;def;odl;idl;hpj;bat;asm;asmx</Extensions>
    </Filter>
    <Filter Include="Header Files">
      <UniqueIdentifier>{93995380-89BD-4b04-88EB-625FBE52EBFB}</UniqueIdentifier>
      <Extensions>h;hh;hpp;hxx;h++;hm;inl;inc;ipp;xsd</Extensions>
    </Filter>
    <Filter Include="Resource Files">
      <UniqueIdentifier>{67DA6AB6-F800-4c08-8B7A-83BB121AAD01}</UniqueIdentifier>
      <Extensions>rc;ico;cur;bmp;dlg;rc2;rct;bin;rgs;gif;jpg;jpeg;jpe;resx;tiff;tif;png;wav;mfcribbon-ms</Extensions>
    </Filter>
    <Filter Include="Header Files\TestCommunicationInterface">
      <UniqueIdentifier>{40c35e4b-3f5a-49e6-9f11-7c19fc8e3b5b}</UniqueIdentifier>
    </Filter>
    <Filter Include="Header Files\TestUtilities">
      <UniqueIdentifier>{3f7e2637-7678-40dd-9225-63e2c2840de1}</UniqueIdentifier>
    </Filter>
    <Filter Include="Source Files\TestCommunicationInterface">
      <UniqueIdentifier>{59acb04e-cb2e-4681-8595-5d45e84cff8c}</UniqueIdentifier>
    </Filter>
    <Filter Include="Source Files\TestDriver">
      <UniqueIdentifier>{b3b04a58-bfd9-476a-84a0-26805fee1560}</UniqueIdentifier>
    </Filter>
    <Filter Include="Source Files\TestUtilities">
      <UniqueIdentifier>{1b7a3e7b-a9ed-4e84-90af-3e63bdb670d2}</UniqueIdentifier>
    </Filter>
    <Filter Include="Header Files\TestMessenger">
      <UniqueIdentifier>{48dc5c41-be86-4ef6-974f-da7fcac5afbb}</UniqueIdentifier>
    </Filter>
    <Filter Include="Source Files\TestMessenger">
      <UniqueIdentifier>{e42f540b-3032-4eb3-8f08-edb871c55e62}</UniqueIdentifier>
    </Filter>
  </ItemGroup>
  <ItemGroup>
    <ClInclude Include="Client.h">
      <Filter>Header Files\TestCommunicationInterface</Filter>
    </ClInclude>
    <ClInclude Include="Sockets.h">
      <Filter>Header Files\TestCommunicationInterface</Filter>
    </ClInclude>
    <ClInclude Include="BlockingQueue.h">
      <Filter>Header Files\TestUtilities</Filter>
    </ClInclude>
    <ClInclude Include="TestResultCounter.h">
      <Filter>Header Files\TestUtilities</Filter>
    </ClInclude>
    <ClInclude Include="StaticLogger.h">
      <Filter>Header Files\TestUtilities</Filter>
    </ClInclude>
    <ClInclude Include="Timer.h">
      <Filter>Header Files\TestUtilities</Filter>
    </ClInclude>
    <ClInclude Include="Message.h">
      <Filter>Header Files\TestMessenger</Filter>
    </ClInclude>
  </ItemGroup>
  <ItemGroup>
    <ClCompile Include="Client.cpp">
      <Filter>Source Files\TestCommunicationInterface</Filter>
    </ClCompile>
    <ClCompile Include="Sockets.cpp">
      <Filter>Source Files\TestCommunicationInterface</Filter>
    </ClCompile>
    <ClCompile Include="Executive.cpp">
      <Filter>Source Files\TestDriver</Filter>
    </ClCompile>
    <ClCompile Include="BlockingQueue.cpp">
      <Filter>Source Files\TestUtilities</Filter>
    </ClCompile>
    <ClCompile Include="TestResultCounter.cpp">
      <Filter>Source Files\TestUtilities</Filter>
    </ClCompile>
    <ClCompile Include="StaticLogger.cpp">
      <Filter>Source Files\TestUtilities</Filter>
    </ClCompile>
    <ClCompile Include="Timer.cpp">
      <Filter>Source Files\TestUtilities</Filter>
    </ClCompile>
    <ClCompile Include="Message.cpp">
      <Filter>Source Files\TestMessenger</Filter>
    </ClCompile>
  </ItemGroup>
</Project>